
Microsoft Visual Studio Solution File, Format Version 12.00
# Visual Studio Version 17
VisualStudioVersion = 17.3.32922.545
MinimumVisualStudioVersion = 10.0.40219.1
Project("{FAE04EC0-301F-11D3-BF4B-00C04F79EFBC}") = "HW_10_Resume", "HW_10_Resume.csproj", "{31EBBB4E-AE5E-4E9B-8E35-CD09858D1E76}"
EndProject
Global
	GlobalSection(SolutionConfigurationPlatforms) = preSolution
		Debug|Any CPU = Debug|Any CPU
		Release|Any CPU = Release|Any CPU
	EndGlobalSection
	GlobalSection(ProjectConfigurationPlatforms) = postSolution
		{31EBBB4E-AE5E-4E9B-8E35-CD09858D1E76}.Debug|Any CPU.ActiveCfg = Debug|Any CPU
		{31EBBB4E-AE5E-4E9B-8E35-CD09858D1E76}.Debug|Any CPU.Build.0 = Debug|Any CPU
		{31EBBB4E-AE5E-4E9B-8E35-CD09858D1E76}.Release|Any CPU.ActiveCfg = Release|Any CPU
		{31EBBB4E-AE5E-4E9B-8E35-CD09858D1E76}.Release|Any CPU.Build.0 = Release|Any CPU
	EndGlobalSection
	GlobalSection(SolutionProperties) = preSolution
		HideSolutionNode = FALSE
	EndGlobalSection
	GlobalSection(ExtensibilityGlobals) = postSolution
		SolutionGuid = {BF378486-288D-4682-8FFB-4BC5220835F6}
	EndGlobalSection
EndGlobal
