
Microsoft Visual Studio Solution File, Format Version 12.00
# Visual Studio Version 17
VisualStudioVersion = 17.3.32922.545
MinimumVisualStudioVersion = 10.0.40219.1
Project("{FAE04EC0-301F-11D3-BF4B-00C04F79EFBC}") = "8.Домашняя работа Шахмотная доска", "8.Домашняя работа Шахмотная доска.csproj", "{0AAB5D3B-9478-470C-BF1C-DB433DE14229}"
EndProject
Global
	GlobalSection(SolutionConfigurationPlatforms) = preSolution
		Debug|Any CPU = Debug|Any CPU
		Release|Any CPU = Release|Any CPU
	EndGlobalSection
	GlobalSection(ProjectConfigurationPlatforms) = postSolution
		{0AAB5D3B-9478-470C-BF1C-DB433DE14229}.Debug|Any CPU.ActiveCfg = Debug|Any CPU
		{0AAB5D3B-9478-470C-BF1C-DB433DE14229}.Debug|Any CPU.Build.0 = Debug|Any CPU
		{0AAB5D3B-9478-470C-BF1C-DB433DE14229}.Release|Any CPU.ActiveCfg = Release|Any CPU
		{0AAB5D3B-9478-470C-BF1C-DB433DE14229}.Release|Any CPU.Build.0 = Release|Any CPU
	EndGlobalSection
	GlobalSection(SolutionProperties) = preSolution
		HideSolutionNode = FALSE
	EndGlobalSection
	GlobalSection(ExtensibilityGlobals) = postSolution
		SolutionGuid = {4C274DD4-022A-4C15-BC5B-F56705CEF7AF}
	EndGlobalSection
EndGlobal
